
Microsoft Visual Studio Solution File, Format Version 12.00
# Visual Studio Version 17
VisualStudioVersion = 17.8.34316.72
MinimumVisualStudioVersion = 10.0.40219.1
Project("{FAE04EC0-301F-11D3-BF4B-00C04F79EFBC}") = "MyeaMobileApp", "MyeaMobileApp\MyeaMobileApp.csproj", "{8D977357-81C5-47E4-AED9-9A9F6365DC0F}"
EndProject
Global
	GlobalSection(SolutionConfigurationPlatforms) = preSolution
		Debug|Any CPU = Debug|Any CPU
		Release|Any CPU = Release|Any CPU
	EndGlobalSection
	GlobalSection(ProjectConfigurationPlatforms) = postSolution
		{8D977357-81C5-47E4-AED9-9A9F6365DC0F}.Debug|Any CPU.ActiveCfg = Debug|Any CPU
		{8D977357-81C5-47E4-AED9-9A9F6365DC0F}.Debug|Any CPU.Build.0 = Debug|Any CPU
		{8D977357-81C5-47E4-AED9-9A9F6365DC0F}.Debug|Any CPU.Deploy.0 = Debug|Any CPU
		{8D977357-81C5-47E4-AED9-9A9F6365DC0F}.Release|Any CPU.ActiveCfg = Release|Any CPU
		{8D977357-81C5-47E4-AED9-9A9F6365DC0F}.Release|Any CPU.Build.0 = Release|Any CPU
		{8D977357-81C5-47E4-AED9-9A9F6365DC0F}.Release|Any CPU.Deploy.0 = Release|Any CPU
	EndGlobalSection
	GlobalSection(SolutionProperties) = preSolution
		HideSolutionNode = FALSE
	EndGlobalSection
	GlobalSection(ExtensibilityGlobals) = postSolution
		SolutionGuid = {7ED31294-2A53-4D9A-BCE9-FD0F184F50EA}
	EndGlobalSection
EndGlobal
